// !$*UTF8*$!
{
	archiveVersion = 1;
	classes = {
	};
	objectVersion = 50;
	objects = {

/* Begin PBXBuildFile section */
		524B052B2410340A000ED7F7 /* ListaRegistrosVC.swift in Sources */ = {isa = PBXBuildFile; fileRef = 524B052A2410340A000ED7F7 /* ListaRegistrosVC.swift */; };
		5264CB5E2406F48100922BF7 /* AppDelegate.swift in Sources */ = {isa = PBXBuildFile; fileRef = 5264CB5D2406F48100922BF7 /* AppDelegate.swift */; };
		5264CB602406F48100922BF7 /* SceneDelegate.swift in Sources */ = {isa = PBXBuildFile; fileRef = 5264CB5F2406F48100922BF7 /* SceneDelegate.swift */; };
		5264CB622406F48100922BF7 /* ViewController.swift in Sources */ = {isa = PBXBuildFile; fileRef = 5264CB612406F48100922BF7 /* ViewController.swift */; };
		5264CB652406F48100922BF7 /* Main.storyboard in Resources */ = {isa = PBXBuildFile; fileRef = 5264CB632406F48100922BF7 /* Main.storyboard */; };
		5264CB672406F49500922BF7 /* Assets.xcassets in Resources */ = {isa = PBXBuildFile; fileRef = 5264CB662406F49500922BF7 /* Assets.xcassets */; };
		5264CB6A2406F49500922BF7 /* LaunchScreen.storyboard in Resources */ = {isa = PBXBuildFile; fileRef = 5264CB682406F49500922BF7 /* LaunchScreen.storyboard */; };
		5264CB752406F49600922BF7 /* GSMAppCCTests.swift in Sources */ = {isa = PBXBuildFile; fileRef = 5264CB742406F49600922BF7 /* GSMAppCCTests.swift */; };
		5264CB8A2406F68000922BF7 /* plaza-antara-polanco.jpg in Resources */ = {isa = PBXBuildFile; fileRef = 5264CB842406F68000922BF7 /* plaza-antara-polanco.jpg */; };
		5264CB8B2406F68000922BF7 /* sma-logo.png in Resources */ = {isa = PBXBuildFile; fileRef = 5264CB852406F68000922BF7 /* sma-logo.png */; };
		5264CB8C2406F68000922BF7 /* plaza-satelite.jpg in Resources */ = {isa = PBXBuildFile; fileRef = 5264CB862406F68000922BF7 /* plaza-satelite.jpg */; };
		5264CB8D2406F68000922BF7 /* plaza-antea.jpg in Resources */ = {isa = PBXBuildFile; fileRef = 5264CB872406F68000922BF7 /* plaza-antea.jpg */; };
		5264CB8E2406F68000922BF7 /* plaza-artz-pedregal.jpg in Resources */ = {isa = PBXBuildFile; fileRef = 5264CB882406F68000922BF7 /* plaza-artz-pedregal.jpg */; };
		5264CB8F2406F68000922BF7 /* plaza-antea-2.jpg in Resources */ = {isa = PBXBuildFile; fileRef = 5264CB892406F68000922BF7 /* plaza-antea-2.jpg */; };
		5264CB912407014700922BF7 /* gsm-logo.png in Resources */ = {isa = PBXBuildFile; fileRef = 5264CB902407014500922BF7 /* gsm-logo.png */; };
		5266C6B1240EBFDB00908167 /* Database.swift in Sources */ = {isa = PBXBuildFile; fileRef = 5266C6B0240EBFDB00908167 /* Database.swift */; };
		52688163240EF70700E72A62 /* Helper.swift in Sources */ = {isa = PBXBuildFile; fileRef = 52688162240EF70700E72A62 /* Helper.swift */; };
		529D1AEF2412C56900FEEF2A /* AcuerdoPrivVC.swift in Sources */ = {isa = PBXBuildFile; fileRef = 529D1AEE2412C56900FEEF2A /* AcuerdoPrivVC.swift */; };
		52AE9252240EEC9700232747 /* TableRecords.swift in Sources */ = {isa = PBXBuildFile; fileRef = 52AE9251240EEC9700232747 /* TableRecords.swift */; };
		52D2EB402407370900901E25 /* FormRegisterVC.swift in Sources */ = {isa = PBXBuildFile; fileRef = 52D2EB3F2407370900901E25 /* FormRegisterVC.swift */; };
		52D835662416C891002F4ADD /* SubirRegistroVC.swift in Sources */ = {isa = PBXBuildFile; fileRef = 52D835652416C891002F4ADD /* SubirRegistroVC.swift */; };
		52ED6F6024101F3D00927A14 /* Registros.swift in Sources */ = {isa = PBXBuildFile; fileRef = 52ED6F5F24101F3D00927A14 /* Registros.swift */; };
		969F8CC5FDFFB0D0D572A305 /* Pods_GSMAppCCTests.framework in Frameworks */ = {isa = PBXBuildFile; fileRef = 445ACC37448D2E56ADA23AB1 /* Pods_GSMAppCCTests.framework */; };
		A9283131BCFC32D8AB8B449A /* Pods_GSMAppCC.framework in Frameworks */ = {isa = PBXBuildFile; fileRef = 1B5BDDDED0F1B037599AA55C /* Pods_GSMAppCC.framework */; };
/* End PBXBuildFile section */

/* Begin PBXContainerItemProxy section */
		5264CB712406F49600922BF7 /* PBXContainerItemProxy */ = {
			isa = PBXContainerItemProxy;
			containerPortal = 5264CB522406F48000922BF7 /* Project object */;
			proxyType = 1;
			remoteGlobalIDString = 5264CB592406F48000922BF7;
			remoteInfo = GSMAppCC;
		};
/* End PBXContainerItemProxy section */

/* Begin PBXFileReference section */
		1B4CF5FC7E9BFF0EEA298BA9 /* Pods-GSMAppCC.release.xcconfig */ = {isa = PBXFileReference; includeInIndex = 1; lastKnownFileType = text.xcconfig; name = "Pods-GSMAppCC.release.xcconfig"; path = "Pods/Target Support Files/Pods-GSMAppCC/Pods-GSMAppCC.release.xcconfig"; sourceTree = "<group>"; };
		1B5BDDDED0F1B037599AA55C /* Pods_GSMAppCC.framework */ = {isa = PBXFileReference; explicitFileType = wrapper.framework; includeInIndex = 0; path = Pods_GSMAppCC.framework; sourceTree = BUILT_PRODUCTS_DIR; };
		2B98368393048C01F8F68B6F /* Pods-GSMAppCCTests.debug.xcconfig */ = {isa = PBXFileReference; includeInIndex = 1; lastKnownFileType = text.xcconfig; name = "Pods-GSMAppCCTests.debug.xcconfig"; path = "Pods/Target Support Files/Pods-GSMAppCCTests/Pods-GSMAppCCTests.debug.xcconfig"; sourceTree = "<group>"; };
		392311C893C3F8C7E2061C79 /* Pods-GSMAppCCTests.release.xcconfig */ = {isa = PBXFileReference; includeInIndex = 1; lastKnownFileType = text.xcconfig; name = "Pods-GSMAppCCTests.release.xcconfig"; path = "Pods/Target Support Files/Pods-GSMAppCCTests/Pods-GSMAppCCTests.release.xcconfig"; sourceTree = "<group>"; };
		445ACC37448D2E56ADA23AB1 /* Pods_GSMAppCCTests.framework */ = {isa = PBXFileReference; explicitFileType = wrapper.framework; includeInIndex = 0; path = Pods_GSMAppCCTests.framework; sourceTree = BUILT_PRODUCTS_DIR; };
		524B052A2410340A000ED7F7 /* ListaRegistrosVC.swift */ = {isa = PBXFileReference; lastKnownFileType = sourcecode.swift; path = ListaRegistrosVC.swift; sourceTree = "<group>"; };
		5264CB5A2406F48100922BF7 /* GSMAppCC.app */ = {isa = PBXFileReference; explicitFileType = wrapper.application; includeInIndex = 0; path = GSMAppCC.app; sourceTree = BUILT_PRODUCTS_DIR; };
		5264CB5D2406F48100922BF7 /* AppDelegate.swift */ = {isa = PBXFileReference; lastKnownFileType = sourcecode.swift; path = AppDelegate.swift; sourceTree = "<group>"; };
		5264CB5F2406F48100922BF7 /* SceneDelegate.swift */ = {isa = PBXFileReference; lastKnownFileType = sourcecode.swift; path = SceneDelegate.swift; sourceTree = "<group>"; };
		5264CB612406F48100922BF7 /* ViewController.swift */ = {isa = PBXFileReference; lastKnownFileType = sourcecode.swift; path = ViewController.swift; sourceTree = "<group>"; };
		5264CB662406F49500922BF7 /* Assets.xcassets */ = {isa = PBXFileReference; lastKnownFileType = folder.assetcatalog; path = Assets.xcassets; sourceTree = "<group>"; };
		5264CB6B2406F49500922BF7 /* Info.plist */ = {isa = PBXFileReference; lastKnownFileType = text.plist.xml; path = Info.plist; sourceTree = "<group>"; };
		5264CB702406F49600922BF7 /* GSMAppCCTests.xctest */ = {isa = PBXFileReference; explicitFileType = wrapper.cfbundle; includeInIndex = 0; path = GSMAppCCTests.xctest; sourceTree = BUILT_PRODUCTS_DIR; };
		5264CB742406F49600922BF7 /* GSMAppCCTests.swift */ = {isa = PBXFileReference; lastKnownFileType = sourcecode.swift; path = GSMAppCCTests.swift; sourceTree = "<group>"; };
		5264CB762406F49600922BF7 /* Info.plist */ = {isa = PBXFileReference; lastKnownFileType = text.plist.xml; path = Info.plist; sourceTree = "<group>"; };
		5264CB842406F68000922BF7 /* plaza-antara-polanco.jpg */ = {isa = PBXFileReference; lastKnownFileType = image.jpeg; path = "plaza-antara-polanco.jpg"; sourceTree = "<group>"; };
		5264CB852406F68000922BF7 /* sma-logo.png */ = {isa = PBXFileReference; lastKnownFileType = image.png; path = "sma-logo.png"; sourceTree = "<group>"; };
		5264CB862406F68000922BF7 /* plaza-satelite.jpg */ = {isa = PBXFileReference; lastKnownFileType = image.jpeg; path = "plaza-satelite.jpg"; sourceTree = "<group>"; };
		5264CB872406F68000922BF7 /* plaza-antea.jpg */ = {isa = PBXFileReference; lastKnownFileType = image.jpeg; path = "plaza-antea.jpg"; sourceTree = "<group>"; };
		5264CB882406F68000922BF7 /* plaza-artz-pedregal.jpg */ = {isa = PBXFileReference; lastKnownFileType = image.jpeg; path = "plaza-artz-pedregal.jpg"; sourceTree = "<group>"; };
		5264CB892406F68000922BF7 /* plaza-antea-2.jpg */ = {isa = PBXFileReference; lastKnownFileType = image.jpeg; path = "plaza-antea-2.jpg"; sourceTree = "<group>"; };
		5264CB902407014500922BF7 /* gsm-logo.png */ = {isa = PBXFileReference; lastKnownFileType = image.png; path = "gsm-logo.png"; sourceTree = "<group>"; };
		5266C6B0240EBFDB00908167 /* Database.swift */ = {isa = PBXFileReference; lastKnownFileType = sourcecode.swift; path = Database.swift; sourceTree = "<group>"; };
		52688162240EF70700E72A62 /* Helper.swift */ = {isa = PBXFileReference; lastKnownFileType = sourcecode.swift; path = Helper.swift; sourceTree = "<group>"; };
		529D1AEE2412C56900FEEF2A /* AcuerdoPrivVC.swift */ = {isa = PBXFileReference; lastKnownFileType = sourcecode.swift; path = AcuerdoPrivVC.swift; sourceTree = "<group>"; };
		52AE9251240EEC9700232747 /* TableRecords.swift */ = {isa = PBXFileReference; fileEncoding = 4; lastKnownFileType = sourcecode.swift; path = TableRecords.swift; sourceTree = "<group>"; };
		52D2EB3F2407370900901E25 /* FormRegisterVC.swift */ = {isa = PBXFileReference; lastKnownFileType = sourcecode.swift; path = FormRegisterVC.swift; sourceTree = "<group>"; };
		52D835652416C891002F4ADD /* SubirRegistroVC.swift */ = {isa = PBXFileReference; lastKnownFileType = sourcecode.swift; path = SubirRegistroVC.swift; sourceTree = "<group>"; };
		52ED6F5F24101F3D00927A14 /* Registros.swift */ = {isa = PBXFileReference; lastKnownFileType = sourcecode.swift; path = Registros.swift; sourceTree = "<group>"; };
		52ED6F6124102A5600927A14 /* Base */ = {isa = PBXFileReference; lastKnownFileType = file.storyboard; name = Base; path = Base.lproj/Main.storyboard; sourceTree = "<group>"; };
		52ED6F6224102A5600927A14 /* Base */ = {isa = PBXFileReference; lastKnownFileType = file.storyboard; name = Base; path = Base.lproj/LaunchScreen.storyboard; sourceTree = "<group>"; };
		6BC1F7239EB5450247036F4F /* Pods-GSMAppCC.debug.xcconfig */ = {isa = PBXFileReference; includeInIndex = 1; lastKnownFileType = text.xcconfig; name = "Pods-GSMAppCC.debug.xcconfig"; path = "Pods/Target Support Files/Pods-GSMAppCC/Pods-GSMAppCC.debug.xcconfig"; sourceTree = "<group>"; };
/* End PBXFileReference section */

/* Begin PBXFrameworksBuildPhase section */
		5264CB572406F48000922BF7 /* Frameworks */ = {
			isa = PBXFrameworksBuildPhase;
			buildActionMask = 2147483647;
			files = (
				A9283131BCFC32D8AB8B449A /* Pods_GSMAppCC.framework in Frameworks */,
			);
			runOnlyForDeploymentPostprocessing = 0;
		};
		5264CB6D2406F49600922BF7 /* Frameworks */ = {
			isa = PBXFrameworksBuildPhase;
			buildActionMask = 2147483647;
			files = (
				969F8CC5FDFFB0D0D572A305 /* Pods_GSMAppCCTests.framework in Frameworks */,
			);
			runOnlyForDeploymentPostprocessing = 0;
		};
/* End PBXFrameworksBuildPhase section */

/* Begin PBXGroup section */
		4869C028F373E2F4232D865C /* Frameworks */ = {
			isa = PBXGroup;
			children = (
				1B5BDDDED0F1B037599AA55C /* Pods_GSMAppCC.framework */,
				445ACC37448D2E56ADA23AB1 /* Pods_GSMAppCCTests.framework */,
			);
			name = Frameworks;
			sourceTree = "<group>";
		};
		5264CB512406F48000922BF7 = {
			isa = PBXGroup;
			children = (
				5264CB5C2406F48100922BF7 /* GSMAppCC */,
				5264CB732406F49600922BF7 /* GSMAppCCTests */,
				5264CB5B2406F48100922BF7 /* Products */,
				8DF9AF37EE0994EE68FF9757 /* Pods */,
				4869C028F373E2F4232D865C /* Frameworks */,
			);
			sourceTree = "<group>";
		};
		5264CB5B2406F48100922BF7 /* Products */ = {
			isa = PBXGroup;
			children = (
				5264CB5A2406F48100922BF7 /* GSMAppCC.app */,
				5264CB702406F49600922BF7 /* GSMAppCCTests.xctest */,
			);
			name = Products;
			sourceTree = "<group>";
		};
		5264CB5C2406F48100922BF7 /* GSMAppCC */ = {
			isa = PBXGroup;
			children = (
				5264CB832406F68000922BF7 /* Images */,
				5264CB5D2406F48100922BF7 /* AppDelegate.swift */,
				529D1AEE2412C56900FEEF2A /* AcuerdoPrivVC.swift */,
				52AE9251240EEC9700232747 /* TableRecords.swift */,
				52D835652416C891002F4ADD /* SubirRegistroVC.swift */,
				52D2EB3F2407370900901E25 /* FormRegisterVC.swift */,
				52ED6F5F24101F3D00927A14 /* Registros.swift */,
				524B052A2410340A000ED7F7 /* ListaRegistrosVC.swift */,
				5264CB5F2406F48100922BF7 /* SceneDelegate.swift */,
				52688162240EF70700E72A62 /* Helper.swift */,
				5264CB612406F48100922BF7 /* ViewController.swift */,
				5264CB632406F48100922BF7 /* Main.storyboard */,
				5264CB662406F49500922BF7 /* Assets.xcassets */,
				5264CB682406F49500922BF7 /* LaunchScreen.storyboard */,
				5264CB6B2406F49500922BF7 /* Info.plist */,
				5266C6B0240EBFDB00908167 /* Database.swift */,
			);
			path = GSMAppCC;
			sourceTree = "<group>";
		};
		5264CB732406F49600922BF7 /* GSMAppCCTests */ = {
			isa = PBXGroup;
			children = (
				5264CB742406F49600922BF7 /* GSMAppCCTests.swift */,
				5264CB762406F49600922BF7 /* Info.plist */,
			);
			path = GSMAppCCTests;
			sourceTree = "<group>";
		};
		5264CB832406F68000922BF7 /* Images */ = {
			isa = PBXGroup;
			children = (
				5264CB842406F68000922BF7 /* plaza-antara-polanco.jpg */,
				5264CB852406F68000922BF7 /* sma-logo.png */,
				5264CB902407014500922BF7 /* gsm-logo.png */,
				5264CB862406F68000922BF7 /* plaza-satelite.jpg */,
				5264CB872406F68000922BF7 /* plaza-antea.jpg */,
				5264CB882406F68000922BF7 /* plaza-artz-pedregal.jpg */,
				5264CB892406F68000922BF7 /* plaza-antea-2.jpg */,
			);
			path = Images;
			sourceTree = "<group>";
		};
		8DF9AF37EE0994EE68FF9757 /* Pods */ = {
			isa = PBXGroup;
			children = (
				6BC1F7239EB5450247036F4F /* Pods-GSMAppCC.debug.xcconfig */,
				1B4CF5FC7E9BFF0EEA298BA9 /* Pods-GSMAppCC.release.xcconfig */,
				2B98368393048C01F8F68B6F /* Pods-GSMAppCCTests.debug.xcconfig */,
				392311C893C3F8C7E2061C79 /* Pods-GSMAppCCTests.release.xcconfig */,
			);
			name = Pods;
			sourceTree = "<group>";
		};
/* End PBXGroup section */

/* Begin PBXNativeTarget section */
		5264CB592406F48000922BF7 /* GSMAppCC */ = {
			isa = PBXNativeTarget;
			buildConfigurationList = 5264CB792406F49600922BF7 /* Build configuration list for PBXNativeTarget "GSMAppCC" */;
			buildPhases = (
				FC3DC05B4B5757F6867A884C /* [CP] Check Pods Manifest.lock */,
				5264CB562406F48000922BF7 /* Sources */,
				5264CB572406F48000922BF7 /* Frameworks */,
				5264CB582406F48000922BF7 /* Resources */,
				71C5175233BD6E14C7D54F94 /* [CP] Embed Pods Frameworks */,
			);
			buildRules = (
			);
			dependencies = (
			);
			name = GSMAppCC;
			productName = GSMAppCC;
			productReference = 5264CB5A2406F48100922BF7 /* GSMAppCC.app */;
			productType = "com.apple.product-type.application";
		};
		5264CB6F2406F49600922BF7 /* GSMAppCCTests */ = {
			isa = PBXNativeTarget;
			buildConfigurationList = 5264CB7C2406F49600922BF7 /* Build configuration list for PBXNativeTarget "GSMAppCCTests" */;
			buildPhases = (
				9308895F2B539688F667703E /* [CP] Check Pods Manifest.lock */,
				5264CB6C2406F49600922BF7 /* Sources */,
				5264CB6D2406F49600922BF7 /* Frameworks */,
				5264CB6E2406F49600922BF7 /* Resources */,
			);
			buildRules = (
			);
			dependencies = (
				5264CB722406F49600922BF7 /* PBXTargetDependency */,
			);
			name = GSMAppCCTests;
			productName = GSMAppCCTests;
			productReference = 5264CB702406F49600922BF7 /* GSMAppCCTests.xctest */;
			productType = "com.apple.product-type.bundle.unit-test";
		};
/* End PBXNativeTarget section */

/* Begin PBXProject section */
		5264CB522406F48000922BF7 /* Project object */ = {
			isa = PBXProject;
			attributes = {
				LastSwiftUpdateCheck = 1130;
				LastUpgradeCheck = 1130;
				ORGANIZATIONNAME = "Rodrigo Sánchez";
				TargetAttributes = {
					5264CB592406F48000922BF7 = {
						CreatedOnToolsVersion = 11.3.1;
					};
					5264CB6F2406F49600922BF7 = {
						CreatedOnToolsVersion = 11.3.1;
						TestTargetID = 5264CB592406F48000922BF7;
					};
				};
			};
			buildConfigurationList = 5264CB552406F48000922BF7 /* Build configuration list for PBXProject "GSMAppCC" */;
			compatibilityVersion = "Xcode 9.3";
			developmentRegion = en;
			hasScannedForEncodings = 0;
			knownRegions = (
				en,
				"es-419",
				Base,
			);
			mainGroup = 5264CB512406F48000922BF7;
			productRefGroup = 5264CB5B2406F48100922BF7 /* Products */;
			projectDirPath = "";
			projectRoot = "";
			targets = (
				5264CB592406F48000922BF7 /* GSMAppCC */,
				5264CB6F2406F49600922BF7 /* GSMAppCCTests */,
			);
		};
/* End PBXProject section */

/* Begin PBXResourcesBuildPhase section */
		5264CB582406F48000922BF7 /* Resources */ = {
			isa = PBXResourcesBuildPhase;
			buildActionMask = 2147483647;
			files = (
				5264CB8F2406F68000922BF7 /* plaza-antea-2.jpg in Resources */,
				5264CB8B2406F68000922BF7 /* sma-logo.png in Resources */,
				5264CB8D2406F68000922BF7 /* plaza-antea.jpg in Resources */,
				5264CB8A2406F68000922BF7 /* plaza-antara-polanco.jpg in Resources */,
				5264CB912407014700922BF7 /* gsm-logo.png in Resources */,
				5264CB6A2406F49500922BF7 /* LaunchScreen.storyboard in Resources */,
				5264CB672406F49500922BF7 /* Assets.xcassets in Resources */,
				5264CB8E2406F68000922BF7 /* plaza-artz-pedregal.jpg in Resources */,
				5264CB652406F48100922BF7 /* Main.storyboard in Resources */,
				5264CB8C2406F68000922BF7 /* plaza-satelite.jpg in Resources */,
			);
			runOnlyForDeploymentPostprocessing = 0;
		};
		5264CB6E2406F49600922BF7 /* Resources */ = {
			isa = PBXResourcesBuildPhase;
			buildActionMask = 2147483647;
			files = (
			);
			runOnlyForDeploymentPostprocessing = 0;
		};
/* End PBXResourcesBuildPhase section */

/* Begin PBXShellScriptBuildPhase section */
		71C5175233BD6E14C7D54F94 /* [CP] Embed Pods Frameworks */ = {
			isa = PBXShellScriptBuildPhase;
			buildActionMask = 2147483647;
			files = (
			);
			inputPaths = (
				"${SRCROOT}/Pods/Target Support Files/Pods-GSMAppCC/Pods-GSMAppCC-frameworks.sh",
				"${BUILT_PRODUCTS_DIR}/SQLite.swift/SQLite.framework",
			);
			name = "[CP] Embed Pods Frameworks";
			outputPaths = (
				"${TARGET_BUILD_DIR}/${FRAMEWORKS_FOLDER_PATH}/SQLite.framework",
			);
			runOnlyForDeploymentPostprocessing = 0;
			shellPath = /bin/sh;
			shellScript = "\"${SRCROOT}/Pods/Target Support Files/Pods-GSMAppCC/Pods-GSMAppCC-frameworks.sh\"\n";
			showEnvVarsInLog = 0;
		};
		9308895F2B539688F667703E /* [CP] Check Pods Manifest.lock */ = {
			isa = PBXShellScriptBuildPhase;
			buildActionMask = 2147483647;
			files = (
			);
			inputPaths = (
				"${PODS_PODFILE_DIR_PATH}/Podfile.lock",
				"${PODS_ROOT}/Manifest.lock",
			);
			name = "[CP] Check Pods Manifest.lock";
			outputPaths = (
				"$(DERIVED_FILE_DIR)/Pods-GSMAppCCTests-checkManifestLockResult.txt",
			);
			runOnlyForDeploymentPostprocessing = 0;
			shellPath = /bin/sh;
			shellScript = "diff \"${PODS_PODFILE_DIR_PATH}/Podfile.lock\" \"${PODS_ROOT}/Manifest.lock\" > /dev/null\nif [ $? != 0 ] ; then\n    # print error to STDERR\n    echo \"error: The sandbox is not in sync with the Podfile.lock. Run 'pod install' or update your CocoaPods installation.\" >&2\n    exit 1\nfi\n# This output is used by Xcode 'outputs' to avoid re-running this script phase.\necho \"SUCCESS\" > \"${SCRIPT_OUTPUT_FILE_0}\"\n";
			showEnvVarsInLog = 0;
		};
		FC3DC05B4B5757F6867A884C /* [CP] Check Pods Manifest.lock */ = {
			isa = PBXShellScriptBuildPhase;
			buildActionMask = 2147483647;
			files = (
			);
			inputPaths = (
				"${PODS_PODFILE_DIR_PATH}/Podfile.lock",
				"${PODS_ROOT}/Manifest.lock",
			);
			name = "[CP] Check Pods Manifest.lock";
			outputPaths = (
				"$(DERIVED_FILE_DIR)/Pods-GSMAppCC-checkManifestLockResult.txt",
			);
			runOnlyForDeploymentPostprocessing = 0;
			shellPath = /bin/sh;
			shellScript = "diff \"${PODS_PODFILE_DIR_PATH}/Podfile.lock\" \"${PODS_ROOT}/Manifest.lock\" > /dev/null\nif [ $? != 0 ] ; then\n    # print error to STDERR\n    echo \"error: The sandbox is not in sync with the Podfile.lock. Run 'pod install' or update your CocoaPods installation.\" >&2\n    exit 1\nfi\n# This output is used by Xcode 'outputs' to avoid re-running this script phase.\necho \"SUCCESS\" > \"${SCRIPT_OUTPUT_FILE_0}\"\n";
			showEnvVarsInLog = 0;
		};
/* End PBXShellScriptBuildPhase section */

/* Begin PBXSourcesBuildPhase section */
		5264CB562406F48000922BF7 /* Sources */ = {
			isa = PBXSourcesBuildPhase;
			buildActionMask = 2147483647;
			files = (
				5264CB622406F48100922BF7 /* ViewController.swift in Sources */,
				52688163240EF70700E72A62 /* Helper.swift in Sources */,
				524B052B2410340A000ED7F7 /* ListaRegistrosVC.swift in Sources */,
				52D2EB402407370900901E25 /* FormRegisterVC.swift in Sources */,
				5264CB5E2406F48100922BF7 /* AppDelegate.swift in Sources */,
				52ED6F6024101F3D00927A14 /* Registros.swift in Sources */,
				52AE9252240EEC9700232747 /* TableRecords.swift in Sources */,
				52D835662416C891002F4ADD /* SubirRegistroVC.swift in Sources */,
				529D1AEF2412C56900FEEF2A /* AcuerdoPrivVC.swift in Sources */,
				5266C6B1240EBFDB00908167 /* Database.swift in Sources */,
				5264CB602406F48100922BF7 /* SceneDelegate.swift in Sources */,
			);
			runOnlyForDeploymentPostprocessing = 0;
		};
		5264CB6C2406F49600922BF7 /* Sources */ = {
			isa = PBXSourcesBuildPhase;
			buildActionMask = 2147483647;
			files = (
				5264CB752406F49600922BF7 /* GSMAppCCTests.swift in Sources */,
			);
			runOnlyForDeploymentPostprocessing = 0;
		};
/* End PBXSourcesBuildPhase section */

/* Begin PBXTargetDependency section */
		5264CB722406F49600922BF7 /* PBXTargetDependency */ = {
			isa = PBXTargetDependency;
			target = 5264CB592406F48000922BF7 /* GSMAppCC */;
			targetProxy = 5264CB712406F49600922BF7 /* PBXContainerItemProxy */;
		};
/* End PBXTargetDependency section */

/* Begin PBXVariantGroup section */
		5264CB632406F48100922BF7 /* Main.storyboard */ = {
			isa = PBXVariantGroup;
			children = (
				52ED6F6124102A5600927A14 /* Base */,
			);
			name = Main.storyboard;
			sourceTree = "<group>";
		};
		5264CB682406F49500922BF7 /* LaunchScreen.storyboard */ = {
			isa = PBXVariantGroup;
			children = (
				52ED6F6224102A5600927A14 /* Base */,
			);
			name = LaunchScreen.storyboard;
			sourceTree = "<group>";
		};
/* End PBXVariantGroup section */

/* Begin XCBuildConfiguration section */
		5264CB772406F49600922BF7 /* Debug */ = {
			isa = XCBuildConfiguration;
			buildSettings = {
				ALWAYS_SEARCH_USER_PATHS = NO;
				CLANG_ANALYZER_LOCALIZABILITY_NONLOCALIZED = YES;
				CLANG_ANALYZER_NONNULL = YES;
				CLANG_ANALYZER_NUMBER_OBJECT_CONVERSION = YES_AGGRESSIVE;
				CLANG_CXX_LANGUAGE_STANDARD = "gnu++14";
				CLANG_CXX_LIBRARY = "libc++";
				CLANG_ENABLE_MODULES = YES;
				CLANG_ENABLE_OBJC_ARC = YES;
				CLANG_ENABLE_OBJC_WEAK = YES;
				CLANG_WARN_BLOCK_CAPTURE_AUTORELEASING = YES;
				CLANG_WARN_BOOL_CONVERSION = YES;
				CLANG_WARN_COMMA = YES;
				CLANG_WARN_CONSTANT_CONVERSION = YES;
				CLANG_WARN_DEPRECATED_OBJC_IMPLEMENTATIONS = YES;
				CLANG_WARN_DIRECT_OBJC_ISA_USAGE = YES_ERROR;
				CLANG_WARN_DOCUMENTATION_COMMENTS = YES;
				CLANG_WARN_EMPTY_BODY = YES;
				CLANG_WARN_ENUM_CONVERSION = YES;
				CLANG_WARN_INFINITE_RECURSION = YES;
				CLANG_WARN_INT_CONVERSION = YES;
				CLANG_WARN_NON_LITERAL_NULL_CONVERSION = YES;
				CLANG_WARN_OBJC_IMPLICIT_RETAIN_SELF = YES;
				CLANG_WARN_OBJC_LITERAL_CONVERSION = YES;
				CLANG_WARN_OBJC_ROOT_CLASS = YES_ERROR;
				CLANG_WARN_RANGE_LOOP_ANALYSIS = YES;
				CLANG_WARN_STRICT_PROTOTYPES = YES;
				CLANG_WARN_SUSPICIOUS_MOVE = YES;
				CLANG_WARN_UNGUARDED_AVAILABILITY = YES_AGGRESSIVE;
				CLANG_WARN_UNREACHABLE_CODE = YES;
				CLANG_WARN__DUPLICATE_METHOD_MATCH = YES;
				COPY_PHASE_STRIP = NO;
				DEBUG_INFORMATION_FORMAT = dwarf;
				ENABLE_STRICT_OBJC_MSGSEND = YES;
				ENABLE_TESTABILITY = YES;
				GCC_C_LANGUAGE_STANDARD = gnu11;
				GCC_DYNAMIC_NO_PIC = NO;
				GCC_NO_COMMON_BLOCKS = YES;
				GCC_OPTIMIZATION_LEVEL = 0;
				GCC_PREPROCESSOR_DEFINITIONS = (
					"DEBUG=1",
					"$(inherited)",
				);
				GCC_WARN_64_TO_32_BIT_CONVERSION = YES;
				GCC_WARN_ABOUT_RETURN_TYPE = YES_ERROR;
				GCC_WARN_UNDECLARED_SELECTOR = YES;
				GCC_WARN_UNINITIALIZED_AUTOS = YES_AGGRESSIVE;
				GCC_WARN_UNUSED_FUNCTION = YES;
				GCC_WARN_UNUSED_VARIABLE = YES;
				IPHONEOS_DEPLOYMENT_TARGET = 13.2;
				MTL_ENABLE_DEBUG_INFO = INCLUDE_SOURCE;
				MTL_FAST_MATH = YES;
				ONLY_ACTIVE_ARCH = YES;
				SDKROOT = iphoneos;
				SWIFT_ACTIVE_COMPILATION_CONDITIONS = DEBUG;
				SWIFT_OPTIMIZATION_LEVEL = "-Onone";
			};
			name = Debug;
		};
		5264CB782406F49600922BF7 /* Release */ = {
			isa = XCBuildConfiguration;
			buildSettings = {
				ALWAYS_SEARCH_USER_PATHS = NO;
				CLANG_ANALYZER_LOCALIZABILITY_NONLOCALIZED = YES;
				CLANG_ANALYZER_NONNULL = YES;
				CLANG_ANALYZER_NUMBER_OBJECT_CONVERSION = YES_AGGRESSIVE;
				CLANG_CXX_LANGUAGE_STANDARD = "gnu++14";
				CLANG_CXX_LIBRARY = "libc++";
				CLANG_ENABLE_MODULES = YES;
				CLANG_ENABLE_OBJC_ARC = YES;
				CLANG_ENABLE_OBJC_WEAK = YES;
				CLANG_WARN_BLOCK_CAPTURE_AUTORELEASING = YES;
				CLANG_WARN_BOOL_CONVERSION = YES;
				CLANG_WARN_COMMA = YES;
				CLANG_WARN_CONSTANT_CONVERSION = YES;
				CLANG_WARN_DEPRECATED_OBJC_IMPLEMENTATIONS = YES;
				CLANG_WARN_DIRECT_OBJC_ISA_USAGE = YES_ERROR;
				CLANG_WARN_DOCUMENTATION_COMMENTS = YES;
				CLANG_WARN_EMPTY_BODY = YES;
				CLANG_WARN_ENUM_CONVERSION = YES;
				CLANG_WARN_INFINITE_RECURSION = YES;
				CLANG_WARN_INT_CONVERSION = YES;
				CLANG_WARN_NON_LITERAL_NULL_CONVERSION = YES;
				CLANG_WARN_OBJC_IMPLICIT_RETAIN_SELF = YES;
				CLANG_WARN_OBJC_LITERAL_CONVERSION = YES;
				CLANG_WARN_OBJC_ROOT_CLASS = YES_ERROR;
				CLANG_WARN_RANGE_LOOP_ANALYSIS = YES;
				CLANG_WARN_STRICT_PROTOTYPES = YES;
				CLANG_WARN_SUSPICIOUS_MOVE = YES;
				CLANG_WARN_UNGUARDED_AVAILABILITY = YES_AGGRESSIVE;
				CLANG_WARN_UNREACHABLE_CODE = YES;
				CLANG_WARN__DUPLICATE_METHOD_MATCH = YES;
				COPY_PHASE_STRIP = NO;
				DEBUG_INFORMATION_FORMAT = "dwarf-with-dsym";
				ENABLE_NS_ASSERTIONS = NO;
				ENABLE_STRICT_OBJC_MSGSEND = YES;
				GCC_C_LANGUAGE_STANDARD = gnu11;
				GCC_NO_COMMON_BLOCKS = YES;
				GCC_WARN_64_TO_32_BIT_CONVERSION = YES;
				GCC_WARN_ABOUT_RETURN_TYPE = YES_ERROR;
				GCC_WARN_UNDECLARED_SELECTOR = YES;
				GCC_WARN_UNINITIALIZED_AUTOS = YES_AGGRESSIVE;
				GCC_WARN_UNUSED_FUNCTION = YES;
				GCC_WARN_UNUSED_VARIABLE = YES;
				IPHONEOS_DEPLOYMENT_TARGET = 13.2;
				MTL_ENABLE_DEBUG_INFO = NO;
				MTL_FAST_MATH = YES;
				SDKROOT = iphoneos;
				SWIFT_COMPILATION_MODE = wholemodule;
				SWIFT_OPTIMIZATION_LEVEL = "-O";
				VALIDATE_PRODUCT = YES;
			};
			name = Release;
		};
		5264CB7A2406F49600922BF7 /* Debug */ = {
			isa = XCBuildConfiguration;
			baseConfigurationReference = 6BC1F7239EB5450247036F4F /* Pods-GSMAppCC.debug.xcconfig */;
			buildSettings = {
				ASSETCATALOG_COMPILER_APPICON_NAME = AppIcon;
				CODE_SIGN_STYLE = Automatic;
				DEVELOPMENT_ASSET_PATHS = GSMAppCC/Assets.xcassets;
				DEVELOPMENT_TEAM = JU25EWQPKG;
				INFOPLIST_FILE = GSMAppCC/Info.plist;
				LD_RUNPATH_SEARCH_PATHS = (
					"$(inherited)",
					"@executable_path/Frameworks",
				);
				PRODUCT_BUNDLE_IDENTIFIER = com.sma.GSMAppCC;
				PRODUCT_NAME = "$(TARGET_NAME)";
				SWIFT_VERSION = 5.0;
				TARGETED_DEVICE_FAMILY = 2;
			};
			name = Debug;
		};
		5264CB7B2406F49600922BF7 /* Release */ = {
			isa = XCBuildConfiguration;
			baseConfigurationReference = 1B4CF5FC7E9BFF0EEA298BA9 /* Pods-GSMAppCC.release.xcconfig */;
			buildSettings = {
				ASSETCATALOG_COMPILER_APPICON_NAME = AppIcon;
				CODE_SIGN_STYLE = Automatic;
				DEVELOPMENT_ASSET_PATHS = GSMAppCC/Assets.xcassets;
				DEVELOPMENT_TEAM = JU25EWQPKG;
				INFOPLIST_FILE = GSMAppCC/Info.plist;
				LD_RUNPATH_SEARCH_PATHS = (
					"$(inherited)",
					"@executable_path/Frameworks",
				);
				PRODUCT_BUNDLE_IDENTIFIER = com.sma.GSMAppCC;
				PRODUCT_NAME = "$(TARGET_NAME)";
				SWIFT_VERSION = 5.0;
				TARGETED_DEVICE_FAMILY = 2;
			};
			name = Release;
		};
		5264CB7D2406F49600922BF7 /* Debug */ = {
			isa = XCBuildConfiguration;
			baseConfigurationReference = 2B98368393048C01F8F68B6F /* Pods-GSMAppCCTests.debug.xcconfig */;
			buildSettings = {
				ALWAYS_EMBED_SWIFT_STANDARD_LIBRARIES = YES;
				BUNDLE_LOADER = "$(TEST_HOST)";
				CODE_SIGN_STYLE = Automatic;
				DEVELOPMENT_TEAM = JU25EWQPKG;
				INFOPLIST_FILE = GSMAppCCTests/Info.plist;
				IPHONEOS_DEPLOYMENT_TARGET = 13.2;
				LD_RUNPATH_SEARCH_PATHS = (
					"$(inherited)",
					"@executable_path/Frameworks",
					"@loader_path/Frameworks",
				);
				PRODUCT_BUNDLE_IDENTIFIER = com.sma.GSMAppCCTests;
				PRODUCT_NAME = "$(TARGET_NAME)";
				SWIFT_VERSION = 5.0;
				TARGETED_DEVICE_FAMILY = "1,2";
				TEST_HOST = "$(BUILT_PRODUCTS_DIR)/GSMAppCC.app/GSMAppCC";
			};
			name = Debug;
		};
		5264CB7E2406F49600922BF7 /* Release */ = {
			isa = XCBuildConfiguration;
			baseConfigurationReference = 392311C893C3F8C7E2061C79 /* Pods-GSMAppCCTests.release.xcconfig */;
			buildSettings = {
				ALWAYS_EMBED_SWIFT_STANDARD_LIBRARIES = YES;
				BUNDLE_LOADER = "$(TEST_HOST)";
				CODE_SIGN_STYLE = Automatic;
				DEVELOPMENT_TEAM = JU25EWQPKG;
				INFOPLIST_FILE = GSMAppCCTests/Info.plist;
				IPHONEOS_DEPLOYMENT_TARGET = 13.2;
				LD_RUNPATH_SEARCH_PATHS = (
					"$(inherited)",
					"@executable_path/Frameworks",
					"@loader_path/Frameworks",
				);
				PRODUCT_BUNDLE_IDENTIFIER = com.sma.GSMAppCCTests;
				PRODUCT_NAME = "$(TARGET_NAME)";
				SWIFT_VERSION = 5.0;
				TARGETED_DEVICE_FAMILY = "1,2";
				TEST_HOST = "$(BUILT_PRODUCTS_DIR)/GSMAppCC.app/GSMAppCC";
			};
			name = Release;
		};
/* End XCBuildConfiguration section */

/* Begin XCConfigurationList section */
		5264CB552406F48000922BF7 /* Build configuration list for PBXProject "GSMAppCC" */ = {
			isa = XCConfigurationList;
			buildConfigurations = (
				5264CB772406F49600922BF7 /* Debug */,
				5264CB782406F49600922BF7 /* Release */,
			);
			defaultConfigurationIsVisible = 0;
			defaultConfigurationName = Release;
		};
		5264CB792406F49600922BF7 /* Build configuration list for PBXNativeTarget "GSMAppCC" */ = {
			isa = XCConfigurationList;
			buildConfigurations = (
				5264CB7A2406F49600922BF7 /* Debug */,
				5264CB7B2406F49600922BF7 /* Release */,
			);
			defaultConfigurationIsVisible = 0;
			defaultConfigurationName = Release;
		};
		5264CB7C2406F49600922BF7 /* Build configuration list for PBXNativeTarget "GSMAppCCTests" */ = {
			isa = XCConfigurationList;
			buildConfigurations = (
				5264CB7D2406F49600922BF7 /* Debug */,
				5264CB7E2406F49600922BF7 /* Release */,
			);
			defaultConfigurationIsVisible = 0;
			defaultConfigurationName = Release;
		};
/* End XCConfigurationList section */
	};
	rootObject = 5264CB522406F48000922BF7 /* Project object */;
}
